// !$*UTF8*$!
{
	archiveVersion = 1;
	classes = {
	};
	objectVersion = 50;
	objects = {

/* Begin PBXBuildFile section */
		6AF9B1A121410BA2007BB2FF /* AppDelegate.swift in Sources */ = {isa = PBXBuildFile; fileRef = 6AF9B1A021410BA2007BB2FF /* AppDelegate.swift */; };
		6AF9B1A621410BA2007BB2FF /* Main.storyboard in Resources */ = {isa = PBXBuildFile; fileRef = 6AF9B1A421410BA2007BB2FF /* Main.storyboard */; };
		6AF9B1A821410BA3007BB2FF /* Assets.xcassets in Resources */ = {isa = PBXBuildFile; fileRef = 6AF9B1A721410BA3007BB2FF /* Assets.xcassets */; };
		6AF9B1AB21410BA3007BB2FF /* LaunchScreen.storyboard in Resources */ = {isa = PBXBuildFile; fileRef = 6AF9B1A921410BA3007BB2FF /* LaunchScreen.storyboard */; };
		6AF9B1B721410E3A007BB2FF /* LoginVC.swift in Sources */ = {isa = PBXBuildFile; fileRef = 6AF9B1B621410E3A007BB2FF /* LoginVC.swift */; };
		6AF9B1BA21411031007BB2FF /* RootVC.swift in Sources */ = {isa = PBXBuildFile; fileRef = 6AF9B1B921411031007BB2FF /* RootVC.swift */; };
		6AF9B1C821411097007BB2FF /* AppManager.swift in Sources */ = {isa = PBXBuildFile; fileRef = 6AF9B1BD21411097007BB2FF /* AppManager.swift */; };
		6AF9B1C921411097007BB2FF /* UserHelper.swift in Sources */ = {isa = PBXBuildFile; fileRef = 6AF9B1BE21411097007BB2FF /* UserHelper.swift */; };
		6AF9B1CA21411097007BB2FF /* UIColor+Extension.swift in Sources */ = {isa = PBXBuildFile; fileRef = 6AF9B1C021411097007BB2FF /* UIColor+Extension.swift */; };
		6AF9B1CB21411097007BB2FF /* URL+Extension.swift in Sources */ = {isa = PBXBuildFile; fileRef = 6AF9B1C121411097007BB2FF /* URL+Extension.swift */; };
		6AF9B1CC21411097007BB2FF /* UIViewController+Extension.swift in Sources */ = {isa = PBXBuildFile; fileRef = 6AF9B1C221411097007BB2FF /* UIViewController+Extension.swift */; };
		6AF9B1CD21411097007BB2FF /* PHAsset+Extension.swift in Sources */ = {isa = PBXBuildFile; fileRef = 6AF9B1C321411097007BB2FF /* PHAsset+Extension.swift */; };
		6AF9B1CE21411097007BB2FF /* AppDelegate+Extension.swift in Sources */ = {isa = PBXBuildFile; fileRef = 6AF9B1C421411097007BB2FF /* AppDelegate+Extension.swift */; };
		6AF9B1CF21411097007BB2FF /* Array+Extension.swift in Sources */ = {isa = PBXBuildFile; fileRef = 6AF9B1C521411097007BB2FF /* Array+Extension.swift */; };
		6AF9B1D021411097007BB2FF /* CircleButton.swift in Sources */ = {isa = PBXBuildFile; fileRef = 6AF9B1C721411097007BB2FF /* CircleButton.swift */; };
		6AF9B1D221411146007BB2FF /* SlashScreenVC.swift in Sources */ = {isa = PBXBuildFile; fileRef = 6AF9B1D121411146007BB2FF /* SlashScreenVC.swift */; };
		6AF9B1D4214111F7007BB2FF /* MainVC.swift in Sources */ = {isa = PBXBuildFile; fileRef = 6AF9B1D3214111F7007BB2FF /* MainVC.swift */; };
/* End PBXBuildFile section */

/* Begin PBXFileReference section */
		6AF9B19D21410BA2007BB2FF /* MitKhnhom.app */ = {isa = PBXFileReference; explicitFileType = wrapper.application; includeInIndex = 0; path = MitKhnhom.app; sourceTree = BUILT_PRODUCTS_DIR; };
		6AF9B1A021410BA2007BB2FF /* AppDelegate.swift */ = {isa = PBXFileReference; lastKnownFileType = sourcecode.swift; path = AppDelegate.swift; sourceTree = "<group>"; };
		6AF9B1A521410BA2007BB2FF /* Base */ = {isa = PBXFileReference; lastKnownFileType = file.storyboard; name = Base; path = Base.lproj/Main.storyboard; sourceTree = "<group>"; };
		6AF9B1A721410BA3007BB2FF /* Assets.xcassets */ = {isa = PBXFileReference; lastKnownFileType = folder.assetcatalog; path = Assets.xcassets; sourceTree = "<group>"; };
		6AF9B1AA21410BA3007BB2FF /* Base */ = {isa = PBXFileReference; lastKnownFileType = file.storyboard; name = Base; path = Base.lproj/LaunchScreen.storyboard; sourceTree = "<group>"; };
		6AF9B1AC21410BA3007BB2FF /* Info.plist */ = {isa = PBXFileReference; lastKnownFileType = text.plist.xml; path = Info.plist; sourceTree = "<group>"; };
		6AF9B1B621410E3A007BB2FF /* LoginVC.swift */ = {isa = PBXFileReference; lastKnownFileType = sourcecode.swift; path = LoginVC.swift; sourceTree = "<group>"; };
		6AF9B1B921411031007BB2FF /* RootVC.swift */ = {isa = PBXFileReference; lastKnownFileType = sourcecode.swift; path = RootVC.swift; sourceTree = "<group>"; };
		6AF9B1BD21411097007BB2FF /* AppManager.swift */ = {isa = PBXFileReference; fileEncoding = 4; lastKnownFileType = sourcecode.swift; path = AppManager.swift; sourceTree = "<group>"; };
		6AF9B1BE21411097007BB2FF /* UserHelper.swift */ = {isa = PBXFileReference; fileEncoding = 4; lastKnownFileType = sourcecode.swift; path = UserHelper.swift; sourceTree = "<group>"; };
		6AF9B1C021411097007BB2FF /* UIColor+Extension.swift */ = {isa = PBXFileReference; fileEncoding = 4; lastKnownFileType = sourcecode.swift; path = "UIColor+Extension.swift"; sourceTree = "<group>"; };
		6AF9B1C121411097007BB2FF /* URL+Extension.swift */ = {isa = PBXFileReference; fileEncoding = 4; lastKnownFileType = sourcecode.swift; path = "URL+Extension.swift"; sourceTree = "<group>"; };
		6AF9B1C221411097007BB2FF /* UIViewController+Extension.swift */ = {isa = PBXFileReference; fileEncoding = 4; lastKnownFileType = sourcecode.swift; path = "UIViewController+Extension.swift"; sourceTree = "<group>"; };
		6AF9B1C321411097007BB2FF /* PHAsset+Extension.swift */ = {isa = PBXFileReference; fileEncoding = 4; lastKnownFileType = sourcecode.swift; path = "PHAsset+Extension.swift"; sourceTree = "<group>"; };
		6AF9B1C421411097007BB2FF /* AppDelegate+Extension.swift */ = {isa = PBXFileReference; fileEncoding = 4; lastKnownFileType = sourcecode.swift; path = "AppDelegate+Extension.swift"; sourceTree = "<group>"; };
		6AF9B1C521411097007BB2FF /* Array+Extension.swift */ = {isa = PBXFileReference; fileEncoding = 4; lastKnownFileType = sourcecode.swift; path = "Array+Extension.swift"; sourceTree = "<group>"; };
		6AF9B1C721411097007BB2FF /* CircleButton.swift */ = {isa = PBXFileReference; fileEncoding = 4; lastKnownFileType = sourcecode.swift; path = CircleButton.swift; sourceTree = "<group>"; };
		6AF9B1D121411146007BB2FF /* SlashScreenVC.swift */ = {isa = PBXFileReference; lastKnownFileType = sourcecode.swift; path = SlashScreenVC.swift; sourceTree = "<group>"; };
		6AF9B1D3214111F7007BB2FF /* MainVC.swift */ = {isa = PBXFileReference; lastKnownFileType = sourcecode.swift; path = MainVC.swift; sourceTree = "<group>"; };
/* End PBXFileReference section */

/* Begin PBXFrameworksBuildPhase section */
		6AF9B19A21410BA2007BB2FF /* Frameworks */ = {
			isa = PBXFrameworksBuildPhase;
			buildActionMask = 2147483647;
			files = (
			);
			runOnlyForDeploymentPostprocessing = 0;
		};
/* End PBXFrameworksBuildPhase section */

/* Begin PBXGroup section */
		6AF9B19421410BA2007BB2FF = {
			isa = PBXGroup;
			children = (
				6AF9B19F21410BA2007BB2FF /* MitKhnhom */,
				6AF9B19E21410BA2007BB2FF /* Products */,
			);
			sourceTree = "<group>";
		};
		6AF9B19E21410BA2007BB2FF /* Products */ = {
			isa = PBXGroup;
			children = (
				6AF9B19D21410BA2007BB2FF /* MitKhnhom.app */,
			);
			name = Products;
			sourceTree = "<group>";
		};
		6AF9B19F21410BA2007BB2FF /* MitKhnhom */ = {
			isa = PBXGroup;
			children = (
				6AF9B1BB21411097007BB2FF /* Utilities */,
				6AF9B1B521410E21007BB2FF /* VC */,
				6AF9B1B221410D4B007BB2FF /* Storyboard */,
				6AF9B1A021410BA2007BB2FF /* AppDelegate.swift */,
				6AF9B1A721410BA3007BB2FF /* Assets.xcassets */,
				6AF9B1AC21410BA3007BB2FF /* Info.plist */,
			);
			path = MitKhnhom;
			sourceTree = "<group>";
		};
		6AF9B1B221410D4B007BB2FF /* Storyboard */ = {
			isa = PBXGroup;
			children = (
				6AF9B1A921410BA3007BB2FF /* LaunchScreen.storyboard */,
				6AF9B1A421410BA2007BB2FF /* Main.storyboard */,
			);
			path = Storyboard;
			sourceTree = "<group>";
		};
		6AF9B1B421410DF3007BB2FF /* Authentication */ = {
			isa = PBXGroup;
			children = (
				6AF9B1B621410E3A007BB2FF /* LoginVC.swift */,
			);
			path = Authentication;
			sourceTree = "<group>";
		};
		6AF9B1B521410E21007BB2FF /* VC */ = {
			isa = PBXGroup;
			children = (
				6AF9B1B82141100F007BB2FF /* General */,
				6AF9B1B421410DF3007BB2FF /* Authentication */,
			);
			path = VC;
			sourceTree = "<group>";
		};
		6AF9B1B82141100F007BB2FF /* General */ = {
			isa = PBXGroup;
			children = (
				6AF9B1B921411031007BB2FF /* RootVC.swift */,
				6AF9B1D121411146007BB2FF /* SlashScreenVC.swift */,
				6AF9B1D3214111F7007BB2FF /* MainVC.swift */,
			);
			path = General;
			sourceTree = "<group>";
		};
		6AF9B1BB21411097007BB2FF /* Utilities */ = {
			isa = PBXGroup;
			children = (
				6AF9B1BD21411097007BB2FF /* AppManager.swift */,
				6AF9B1BE21411097007BB2FF /* UserHelper.swift */,
				6AF9B1BF21411097007BB2FF /* extensions */,
				6AF9B1C621411097007BB2FF /* Custom */,
			);
			path = Utilities;
			sourceTree = "<group>";
		};
		6AF9B1BF21411097007BB2FF /* extensions */ = {
			isa = PBXGroup;
			children = (
				6AF9B1C021411097007BB2FF /* UIColor+Extension.swift */,
				6AF9B1C121411097007BB2FF /* URL+Extension.swift */,
				6AF9B1C221411097007BB2FF /* UIViewController+Extension.swift */,
				6AF9B1C321411097007BB2FF /* PHAsset+Extension.swift */,
				6AF9B1C421411097007BB2FF /* AppDelegate+Extension.swift */,
				6AF9B1C521411097007BB2FF /* Array+Extension.swift */,
			);
			path = extensions;
			sourceTree = "<group>";
		};
		6AF9B1C621411097007BB2FF /* Custom */ = {
			isa = PBXGroup;
			children = (
				6AF9B1C721411097007BB2FF /* CircleButton.swift */,
			);
			path = Custom;
			sourceTree = "<group>";
		};
/* End PBXGroup section */

/* Begin PBXNativeTarget section */
		6AF9B19C21410BA2007BB2FF /* MitKhnhom */ = {
			isa = PBXNativeTarget;
			buildConfigurationList = 6AF9B1AF21410BA3007BB2FF /* Build configuration list for PBXNativeTarget "MitKhnhom" */;
			buildPhases = (
				6AF9B19921410BA2007BB2FF /* Sources */,
				6AF9B19A21410BA2007BB2FF /* Frameworks */,
				6AF9B19B21410BA2007BB2FF /* Resources */,
			);
			buildRules = (
			);
			dependencies = (
			);
			name = MitKhnhom;
			productName = MitKhnhom;
			productReference = 6AF9B19D21410BA2007BB2FF /* MitKhnhom.app */;
			productType = "com.apple.product-type.application";
		};
/* End PBXNativeTarget section */

/* Begin PBXProject section */
		6AF9B19521410BA2007BB2FF /* Project object */ = {
			isa = PBXProject;
			attributes = {
				LastSwiftUpdateCheck = 0940;
				LastUpgradeCheck = 0940;
				ORGANIZATIONNAME = iOSDev;
				TargetAttributes = {
					6AF9B19C21410BA2007BB2FF = {
						CreatedOnToolsVersion = 9.4;
					};
				};
			};
			buildConfigurationList = 6AF9B19821410BA2007BB2FF /* Build configuration list for PBXProject "MitKhnhom" */;
			compatibilityVersion = "Xcode 9.3";
			developmentRegion = en;
			hasScannedForEncodings = 0;
			knownRegions = (
				en,
				Base,
			);
			mainGroup = 6AF9B19421410BA2007BB2FF;
			productRefGroup = 6AF9B19E21410BA2007BB2FF /* Products */;
			projectDirPath = "";
			projectRoot = "";
			targets = (
				6AF9B19C21410BA2007BB2FF /* MitKhnhom */,
			);
		};
/* End PBXProject section */

/* Begin PBXResourcesBuildPhase section */
		6AF9B19B21410BA2007BB2FF /* Resources */ = {
			isa = PBXResourcesBuildPhase;
			buildActionMask = 2147483647;
			files = (
				6AF9B1AB21410BA3007BB2FF /* LaunchScreen.storyboard in Resources */,
				6AF9B1A821410BA3007BB2FF /* Assets.xcassets in Resources */,
				6AF9B1A621410BA2007BB2FF /* Main.storyboard in Resources */,
			);
			runOnlyForDeploymentPostprocessing = 0;
		};
/* End PBXResourcesBuildPhase section */

/* Begin PBXSourcesBuildPhase section */
		6AF9B19921410BA2007BB2FF /* Sources */ = {
			isa = PBXSourcesBuildPhase;
			buildActionMask = 2147483647;
			files = (
				6AF9B1CC21411097007BB2FF /* UIViewController+Extension.swift in Sources */,
				6AF9B1D4214111F7007BB2FF /* MainVC.swift in Sources */,
				6AF9B1CA21411097007BB2FF /* UIColor+Extension.swift in Sources */,
				6AF9B1CD21411097007BB2FF /* PHAsset+Extension.swift in Sources */,
				6AF9B1CF21411097007BB2FF /* Array+Extension.swift in Sources */,
				6AF9B1CB21411097007BB2FF /* URL+Extension.swift in Sources */,
				6AF9B1D021411097007BB2FF /* CircleButton.swift in Sources */,
				6AF9B1BA21411031007BB2FF /* RootVC.swift in Sources */,
				6AF9B1C821411097007BB2FF /* AppManager.swift in Sources */,
				6AF9B1CE21411097007BB2FF /* AppDelegate+Extension.swift in Sources */,
				6AF9B1C921411097007BB2FF /* UserHelper.swift in Sources */,
				6AF9B1A121410BA2007BB2FF /* AppDelegate.swift in Sources */,
				6AF9B1D221411146007BB2FF /* SlashScreenVC.swift in Sources */,
				6AF9B1B721410E3A007BB2FF /* LoginVC.swift in Sources */,
			);
			runOnlyForDeploymentPostprocessing = 0;
		};
/* End PBXSourcesBuildPhase section */

/* Begin PBXVariantGroup section */
		6AF9B1A421410BA2007BB2FF /* Main.storyboard */ = {
			isa = PBXVariantGroup;
			children = (
				6AF9B1A521410BA2007BB2FF /* Base */,
			);
			name = Main.storyboard;
			sourceTree = "<group>";
		};
		6AF9B1A921410BA3007BB2FF /* LaunchScreen.storyboard */ = {
			isa = PBXVariantGroup;
			children = (
				6AF9B1AA21410BA3007BB2FF /* Base */,
			);
			name = LaunchScreen.storyboard;
			sourceTree = "<group>";
		};
/* End PBXVariantGroup section */

/* Begin XCBuildConfiguration section */
		6AF9B1AD21410BA3007BB2FF /* Debug */ = {
			isa = XCBuildConfiguration;
			buildSettings = {
				ALWAYS_SEARCH_USER_PATHS = NO;
				CLANG_ANALYZER_NONNULL = YES;
				CLANG_ANALYZER_NUMBER_OBJECT_CONVERSION = YES_AGGRESSIVE;
				CLANG_CXX_LANGUAGE_STANDARD = "gnu++14";
				CLANG_CXX_LIBRARY = "libc++";
				CLANG_ENABLE_MODULES = YES;
				CLANG_ENABLE_OBJC_ARC = YES;
				CLANG_ENABLE_OBJC_WEAK = YES;
				CLANG_WARN_BLOCK_CAPTURE_AUTORELEASING = YES;
				CLANG_WARN_BOOL_CONVERSION = YES;
				CLANG_WARN_COMMA = YES;
				CLANG_WARN_CONSTANT_CONVERSION = YES;
				CLANG_WARN_DEPRECATED_OBJC_IMPLEMENTATIONS = YES;
				CLANG_WARN_DIRECT_OBJC_ISA_USAGE = YES_ERROR;
				CLANG_WARN_DOCUMENTATION_COMMENTS = YES;
				CLANG_WARN_EMPTY_BODY = YES;
				CLANG_WARN_ENUM_CONVERSION = YES;
				CLANG_WARN_INFINITE_RECURSION = YES;
				CLANG_WARN_INT_CONVERSION = YES;
				CLANG_WARN_NON_LITERAL_NULL_CONVERSION = YES;
				CLANG_WARN_OBJC_IMPLICIT_RETAIN_SELF = YES;
				CLANG_WARN_OBJC_LITERAL_CONVERSION = YES;
				CLANG_WARN_OBJC_ROOT_CLASS = YES_ERROR;
				CLANG_WARN_RANGE_LOOP_ANALYSIS = YES;
				CLANG_WARN_STRICT_PROTOTYPES = YES;
				CLANG_WARN_SUSPICIOUS_MOVE = YES;
				CLANG_WARN_UNGUARDED_AVAILABILITY = YES_AGGRESSIVE;
				CLANG_WARN_UNREACHABLE_CODE = YES;
				CLANG_WARN__DUPLICATE_METHOD_MATCH = YES;
				CODE_SIGN_IDENTITY = "iPhone Developer";
				COPY_PHASE_STRIP = NO;
				DEBUG_INFORMATION_FORMAT = dwarf;
				ENABLE_STRICT_OBJC_MSGSEND = YES;
				ENABLE_TESTABILITY = YES;
				GCC_C_LANGUAGE_STANDARD = gnu11;
				GCC_DYNAMIC_NO_PIC = NO;
				GCC_NO_COMMON_BLOCKS = YES;
				GCC_OPTIMIZATION_LEVEL = 0;
				GCC_PREPROCESSOR_DEFINITIONS = (
					"DEBUG=1",
					"$(inherited)",
				);
				GCC_WARN_64_TO_32_BIT_CONVERSION = YES;
				GCC_WARN_ABOUT_RETURN_TYPE = YES_ERROR;
				GCC_WARN_UNDECLARED_SELECTOR = YES;
				GCC_WARN_UNINITIALIZED_AUTOS = YES_AGGRESSIVE;
				GCC_WARN_UNUSED_FUNCTION = YES;
				GCC_WARN_UNUSED_VARIABLE = YES;
				IPHONEOS_DEPLOYMENT_TARGET = 11.4;
				MTL_ENABLE_DEBUG_INFO = YES;
				ONLY_ACTIVE_ARCH = YES;
				SDKROOT = iphoneos;
				SWIFT_ACTIVE_COMPILATION_CONDITIONS = DEBUG;
				SWIFT_OPTIMIZATION_LEVEL = "-Onone";
			};
			name = Debug;
		};
		6AF9B1AE21410BA3007BB2FF /* Release */ = {
			isa = XCBuildConfiguration;
			buildSettings = {
				ALWAYS_SEARCH_USER_PATHS = NO;
				CLANG_ANALYZER_NONNULL = YES;
				CLANG_ANALYZER_NUMBER_OBJECT_CONVERSION = YES_AGGRESSIVE;
				CLANG_CXX_LANGUAGE_STANDARD = "gnu++14";
				CLANG_CXX_LIBRARY = "libc++";
				CLANG_ENABLE_MODULES = YES;
				CLANG_ENABLE_OBJC_ARC = YES;
				CLANG_ENABLE_OBJC_WEAK = YES;
				CLANG_WARN_BLOCK_CAPTURE_AUTORELEASING = YES;
				CLANG_WARN_BOOL_CONVERSION = YES;
				CLANG_WARN_COMMA = YES;
				CLANG_WARN_CONSTANT_CONVERSION = YES;
				CLANG_WARN_DEPRECATED_OBJC_IMPLEMENTATIONS = YES;
				CLANG_WARN_DIRECT_OBJC_ISA_USAGE = YES_ERROR;
				CLANG_WARN_DOCUMENTATION_COMMENTS = YES;
				CLANG_WARN_EMPTY_BODY = YES;
				CLANG_WARN_ENUM_CONVERSION = YES;
				CLANG_WARN_INFINITE_RECURSION = YES;
				CLANG_WARN_INT_CONVERSION = YES;
				CLANG_WARN_NON_LITERAL_NULL_CONVERSION = YES;
				CLANG_WARN_OBJC_IMPLICIT_RETAIN_SELF = YES;
				CLANG_WARN_OBJC_LITERAL_CONVERSION = YES;
				CLANG_WARN_OBJC_ROOT_CLASS = YES_ERROR;
				CLANG_WARN_RANGE_LOOP_ANALYSIS = YES;
				CLANG_WARN_STRICT_PROTOTYPES = YES;
				CLANG_WARN_SUSPICIOUS_MOVE = YES;
				CLANG_WARN_UNGUARDED_AVAILABILITY = YES_AGGRESSIVE;
				CLANG_WARN_UNREACHABLE_CODE = YES;
				CLANG_WARN__DUPLICATE_METHOD_MATCH = YES;
				CODE_SIGN_IDENTITY = "iPhone Developer";
				COPY_PHASE_STRIP = NO;
				DEBUG_INFORMATION_FORMAT = "dwarf-with-dsym";
				ENABLE_NS_ASSERTIONS = NO;
				ENABLE_STRICT_OBJC_MSGSEND = YES;
				GCC_C_LANGUAGE_STANDARD = gnu11;
				GCC_NO_COMMON_BLOCKS = YES;
				GCC_WARN_64_TO_32_BIT_CONVERSION = YES;
				GCC_WARN_ABOUT_RETURN_TYPE = YES_ERROR;
				GCC_WARN_UNDECLARED_SELECTOR = YES;
				GCC_WARN_UNINITIALIZED_AUTOS = YES_AGGRESSIVE;
				GCC_WARN_UNUSED_FUNCTION = YES;
				GCC_WARN_UNUSED_VARIABLE = YES;
				IPHONEOS_DEPLOYMENT_TARGET = 11.4;
				MTL_ENABLE_DEBUG_INFO = NO;
				SDKROOT = iphoneos;
				SWIFT_COMPILATION_MODE = wholemodule;
				SWIFT_OPTIMIZATION_LEVEL = "-O";
				VALIDATE_PRODUCT = YES;
			};
			name = Release;
		};
		6AF9B1B021410BA3007BB2FF /* Debug */ = {
			isa = XCBuildConfiguration;
			buildSettings = {
				ASSETCATALOG_COMPILER_APPICON_NAME = AppIcon;
				CODE_SIGN_STYLE = Automatic;
				INFOPLIST_FILE = MitKhnhom/Info.plist;
				LD_RUNPATH_SEARCH_PATHS = (
					"$(inherited)",
					"@executable_path/Frameworks",
				);
				PRODUCT_BUNDLE_IDENTIFIER = geaesy.MitKhnhom;
				PRODUCT_NAME = "$(TARGET_NAME)";
				SWIFT_VERSION = 4.0;
				TARGETED_DEVICE_FAMILY = "1,2";
			};
			name = Debug;
		};
		6AF9B1B121410BA3007BB2FF /* Release */ = {
			isa = XCBuildConfiguration;
			buildSettings = {
				ASSETCATALOG_COMPILER_APPICON_NAME = AppIcon;
				CODE_SIGN_STYLE = Automatic;
				INFOPLIST_FILE = MitKhnhom/Info.plist;
				LD_RUNPATH_SEARCH_PATHS = (
					"$(inherited)",
					"@executable_path/Frameworks",
				);
				PRODUCT_BUNDLE_IDENTIFIER = geaesy.MitKhnhom;
				PRODUCT_NAME = "$(TARGET_NAME)";
				SWIFT_VERSION = 4.0;
				TARGETED_DEVICE_FAMILY = "1,2";
			};
			name = Release;
		};
/* End XCBuildConfiguration section */

/* Begin XCConfigurationList section */
		6AF9B19821410BA2007BB2FF /* Build configuration list for PBXProject "MitKhnhom" */ = {
			isa = XCConfigurationList;
			buildConfigurations = (
				6AF9B1AD21410BA3007BB2FF /* Debug */,
				6AF9B1AE21410BA3007BB2FF /* Release */,
			);
			defaultConfigurationIsVisible = 0;
			defaultConfigurationName = Release;
		};
		6AF9B1AF21410BA3007BB2FF /* Build configuration list for PBXNativeTarget "MitKhnhom" */ = {
			isa = XCConfigurationList;
			buildConfigurations = (
				6AF9B1B021410BA3007BB2FF /* Debug */,
				6AF9B1B121410BA3007BB2FF /* Release */,
			);
			defaultConfigurationIsVisible = 0;
			defaultConfigurationName = Release;
		};
/* End XCConfigurationList section */
	};
	rootObject = 6AF9B19521410BA2007BB2FF /* Project object */;
}
